
Microsoft Visual Studio Solution File, Format Version 11.00
# Visual Studio 2010
# SharpDevelop 5.1
Project("{FAE04EC0-301F-11D3-BF4B-00C04F79EFBC}") = "ITEC 104_VERTUDEZ_ACTIVITY5", "ITEC 104_VERTUDEZ_ACTIVITY5\ITEC 104_VERTUDEZ_ACTIVITY5.csproj", "{832EFC80-A329-4162-B9A4-F3422675B36C}"
EndProject
Global
	GlobalSection(SolutionConfigurationPlatforms) = preSolution
		Debug|Any CPU = Debug|Any CPU
		Release|Any CPU = Release|Any CPU
	EndGlobalSection
	GlobalSection(ProjectConfigurationPlatforms) = postSolution
		{832EFC80-A329-4162-B9A4-F3422675B36C}.Debug|Any CPU.ActiveCfg = Debug|Any CPU
		{832EFC80-A329-4162-B9A4-F3422675B36C}.Debug|Any CPU.Build.0 = Debug|Any CPU
		{832EFC80-A329-4162-B9A4-F3422675B36C}.Release|Any CPU.ActiveCfg = Release|Any CPU
		{832EFC80-A329-4162-B9A4-F3422675B36C}.Release|Any CPU.Build.0 = Release|Any CPU
	EndGlobalSection
EndGlobal
